<?xml version="1.0" encoding="utf-8"?>
<Project ToolsVersion="4.0" xmlns="http://schemas.microsoft.com/developer/msbuild/2003">
  <ItemGroup>
    <Filter Include="Tests">
      <UniqueIdentifier>{13f15a23-be9d-4681-a5c6-0076742a1972}</UniqueIdentifier>
    </Filter>
    <Filter Include="VS compiling">
      <UniqueIdentifier>{93995380-89BD-4b04-88EB-625FBE52EBFB}</UniqueIdentifier>
      <Extensions>h;hh;hpp;hxx;h++;hm;inl;inc;ipp;xsd</Extensions>
    </Filter>
    <Filter Include="Tests\Aggregations_tests">
      <UniqueIdentifier>{86bfd2bc-71c7-41e6-9368-d8a6a7969ba5}</UniqueIdentifier>
    </Filter>
    <Filter Include="Tests\Collisions_tests">
      <UniqueIdentifier>{20efb4c4-3370-45a7-9db8-367847d0ae3d}</UniqueIdentifier>
    </Filter>
    <Filter Include="Tests\Math_tests">
      <UniqueIdentifier>{61374efc-038b-4d9b-a1da-0a37c674608b}</UniqueIdentifier>
    </Filter>
    <Filter Include="Tests\Objects_tests">
      <UniqueIdentifier>{862f050a-33b0-4e7a-9021-4d9289032325}</UniqueIdentifier>
    </Filter>
    <Filter Include="Tests\Types_tests">
      <UniqueIdentifier>{dfcdc525-aed3-4bba-8b30-e3cb6a2c1d07}</UniqueIdentifier>
    </Filter>
    <Filter Include="Tests\Utilities_tests">
      <UniqueIdentifier>{6090c56e-d0f3-44c9-88f7-099e6c668939}</UniqueIdentifier>
    </Filter>
  </ItemGroup>
  <ItemGroup>
    <ClCompile Include="VS compiling\pch.cpp">
      <Filter>VS compiling</Filter>
    </ClCompile>
    <ClCompile Include="Tests\Types_tests\Collecting_types_tests.cpp">
      <Filter>Tests\Types_tests</Filter>
    </ClCompile>
    <ClCompile Include="Tests\Collisions_tests\Collisions.cpp">
      <Filter>Tests\Collisions_tests</Filter>
    </ClCompile>
    <ClCompile Include="Tests\Aggregations_tests\Invoker_tests.cpp">
      <Filter>Tests\Aggregations_tests</Filter>
    </ClCompile>
    <ClCompile Include="Tests\Types_tests\Members_detecting_tests.cpp">
      <Filter>Tests\Types_tests</Filter>
    </ClCompile>
    <ClCompile Include="Tests\Aggregations_tests\Ordered_hiererchy_tests.cpp">
      <Filter>Tests\Aggregations_tests</Filter>
    </ClCompile>
    <ClCompile Include="Tests\Utilities_tests\pointers_tests.cpp">
      <Filter>Tests\Objects_tests</Filter>
    </ClCompile>
    <ClCompile Include="Tests\Aggregations_tests\Pool_tests.cpp">
      <Filter>Tests\Aggregations_tests</Filter>
    </ClCompile>
    <ClCompile Include="Tests\Objects_tests\prototype_tests.cpp">
      <Filter>Tests\Objects_tests</Filter>
    </ClCompile>
    <ClCompile Include="Tests\Utilities_tests\Responsibility_tests.cpp">
      <Filter>Tests\Utilities_tests</Filter>
    </ClCompile>
    <ClCompile Include="Tests\Objects_tests\Standard_one_type_relations_tests.cpp">
      <Filter>Tests\Objects_tests</Filter>
    </ClCompile>
    <ClCompile Include="Tests\Objects_tests\Standard_two_types_relations_tests.cpp">
      <Filter>Tests\Objects_tests</Filter>
    </ClCompile>
    <ClCompile Include="Tests\Utilities_tests\values_network_tests.cpp">
      <Filter>Tests\Utilities_tests</Filter>
    </ClCompile>
    <ClCompile Include="Tests\Types_tests\Kind_trial_tests.cpp">
      <Filter>Tests\Types_tests</Filter>
    </ClCompile>
    <ClCompile Include="Tests\Aggregations_tests\Loose_list_tests.cpp">
      <Filter>Tests\Aggregations_tests</Filter>
    </ClCompile>
    <ClCompile Include="Tests\Collisions_tests\Shapes_collisions_tests.cpp">
      <Filter>Tests\Collisions_tests</Filter>
    </ClCompile>
    <ClCompile Include="Tests\Math_tests\Geometry_test.cpp">
      <Filter>Tests\Math_tests</Filter>
    </ClCompile>
    <ClCompile Include="Tests\Math_tests\Linear_algebra_tests.cpp">
      <Filter>Tests\Math_tests</Filter>
    </ClCompile>
    <ClCompile Include="Tests\Math_tests\Model_matrix_tests.cpp">
      <Filter>Tests\Math_tests</Filter>
    </ClCompile>
    <ClCompile Include="Tests\Math_tests\Normalized_tests.cpp">
      <Filter>Tests\Math_tests</Filter>
    </ClCompile>
    <ClCompile Include="Tests\Math_tests\Rectangular_frame_tests.cpp">
      <Filter>Tests\Math_tests</Filter>
    </ClCompile>
    <ClCompile Include="Tests\Math_tests\Rotations_tests.cpp">
      <Filter>Tests\Math_tests</Filter>
    </ClCompile>
    <ClCompile Include="Tests\Math_tests\View_matrix_tests.cpp">
      <Filter>Tests\Math_tests</Filter>
    </ClCompile>
  </ItemGroup>
  <ItemGroup>
    <ClInclude Include="VS compiling\pch.h">
      <Filter>VS compiling</Filter>
    </ClInclude>
  </ItemGroup>
</Project>