<?xml version="1.0" encoding="utf-8"?>
<Project ToolsVersion="4.0" xmlns="http://schemas.microsoft.com/developer/msbuild/2003">
  <ItemGroup>
    <Filter Include="Default">
      <UniqueIdentifier>{93995380-89BD-4b04-88EB-625FBE52EBFB}</UniqueIdentifier>
      <Extensions>h;hh;hpp;hxx;h++;hm;inl;inc;ipp;xsd</Extensions>
    </Filter>
    <Filter Include="Tests">
      <UniqueIdentifier>{13f15a23-be9d-4681-a5c6-0076742a1972}</UniqueIdentifier>
    </Filter>
  </ItemGroup>
  <ItemGroup>
    <ClCompile Include="pch.cpp">
      <Filter>Default</Filter>
    </ClCompile>
    <ClCompile Include="Tests\Math\Linear_algebra_tests.cpp">
      <Filter>Tests</Filter>
    </ClCompile>
    <ClCompile Include="Tests\Types\Collecting_types_tests.cpp">
      <Filter>Tests</Filter>
    </ClCompile>
    <ClCompile Include="Tests\Collisions_tests\Collisions.cpp">
      <Filter>Tests</Filter>
    </ClCompile>
    <ClCompile Include="Tests\Aggregations_tests\Ordered_hiererchy_tests.cpp">
      <Filter>Tests</Filter>
    </ClCompile>
    <ClCompile Include="Tests\Utilities\pointers_tests.cpp">
      <Filter>Tests</Filter>
    </ClCompile>
    <ClCompile Include="Tests\Aggregations_tests\Pool_tests.cpp">
      <Filter>Tests</Filter>
    </ClCompile>
    <ClCompile Include="Tests\Objects\prototype_tests.cpp">
      <Filter>Tests</Filter>
    </ClCompile>
    <ClCompile Include="Tests\Utilities\Responsibility_tests.cpp">
      <Filter>Tests</Filter>
    </ClCompile>
    <ClCompile Include="Tests\Objects\Standard_one_type_relations_tests.cpp">
      <Filter>Tests</Filter>
    </ClCompile>
    <ClCompile Include="Tests\Objects\Standard_two_types_relations_tests.cpp">
      <Filter>Tests</Filter>
    </ClCompile>
    <ClCompile Include="Tests\Aggregations_tests\Invoker_tests.cpp">
      <Filter>Tests</Filter>
    </ClCompile>
    <ClCompile Include="Tests\Types\Members_detecting_tests.cpp">
      <Filter>Tests</Filter>
    </ClCompile>
    <ClCompile Include="Tests\Utilities\values_network_tests.cpp">
      <Filter>Tests</Filter>
    </ClCompile>
    <ClCompile Include="Tests\Math\Normalized_tests.cpp" />
    <ClCompile Include="Tests\Math\Model_matrix_tests.cpp" />
    <ClCompile Include="Tests\Math\View_matrix_tests.cpp" />
    <ClCompile Include="Tests\Math\Rotations_tests.cpp" />
    <ClCompile Include="Tests\Math\rec_frame_tests.cpp" />
    <ClCompile Include="Tests\Aggregations_tests\Loose_list_tests.cpp" />
    <ClCompile Include="Tests\Types\Kind_trial_tests.cpp" />
    <ClCompile Include="Tests\Math\Geometry_test.cpp" />
    <ClCompile Include="Tests\Collisions_tests\Shapes_collisions_tests.cpp" />
  </ItemGroup>
  <ItemGroup>
    <ClInclude Include="pch.h">
      <Filter>Default</Filter>
    </ClInclude>
  </ItemGroup>
</Project>